
Microsoft Visual Studio Solution File, Format Version 12.00
# Visual Studio 2013
VisualStudioVersion = 12.0.31101.0
MinimumVisualStudioVersion = 10.0.40219.1
Project("{FAE04EC0-301F-11D3-BF4B-00C04F79EFBC}") = "ShapesMVC", "ShapesMVC\ShapesMVC.csproj", "{30C3CA81-6359-43C6-9FD3-57B3B2973E03}"
EndProject
Project("{FAE04EC0-301F-11D3-BF4B-00C04F79EFBC}") = "ShapesMVC.Tests", "ShapesMVC.Tests\ShapesMVC.Tests.csproj", "{80D50498-EE17-43F3-BC40-956E6F4D019F}"
EndProject
Project("{2150E333-8FDC-42A3-9474-1A3956D46DE8}") = ".nuget", ".nuget", "{296D7E71-87DF-4161-B504-9B010877416A}"
	ProjectSection(SolutionItems) = preProject
		.nuget\NuGet.Config = .nuget\NuGet.Config
		.nuget\NuGet.exe = .nuget\NuGet.exe
		.nuget\NuGet.targets = .nuget\NuGet.targets
	EndProjectSection
EndProject
Global
	GlobalSection(TeamFoundationVersionControl) = preSolution
		SccNumberOfProjects = 3
		SccEnterpriseProvider = {4CA58AB2-18FA-4F8D-95D4-32DDF27D184C}
		SccTeamFoundationServer = https://goldsam.visualstudio.com/defaultcollection
		SccLocalPath0 = .
		SccProjectUniqueName1 = ShapesMVC.Tests\\ShapesMVC.Tests.csproj
		SccProjectName1 = ShapesMVC.Tests
		SccLocalPath1 = ShapesMVC.Tests
		SccProjectUniqueName2 = ShapesMVC\\ShapesMVC.csproj
		SccProjectName2 = ShapesMVC
		SccLocalPath2 = ShapesMVC
	EndGlobalSection
	GlobalSection(SolutionConfigurationPlatforms) = preSolution
		Debug|Any CPU = Debug|Any CPU
		Release|Any CPU = Release|Any CPU
	EndGlobalSection
	GlobalSection(ProjectConfigurationPlatforms) = postSolution
		{30C3CA81-6359-43C6-9FD3-57B3B2973E03}.Debug|Any CPU.ActiveCfg = Debug|Any CPU
		{30C3CA81-6359-43C6-9FD3-57B3B2973E03}.Debug|Any CPU.Build.0 = Debug|Any CPU
		{30C3CA81-6359-43C6-9FD3-57B3B2973E03}.Release|Any CPU.ActiveCfg = Release|Any CPU
		{30C3CA81-6359-43C6-9FD3-57B3B2973E03}.Release|Any CPU.Build.0 = Release|Any CPU
		{80D50498-EE17-43F3-BC40-956E6F4D019F}.Debug|Any CPU.ActiveCfg = Debug|Any CPU
		{80D50498-EE17-43F3-BC40-956E6F4D019F}.Debug|Any CPU.Build.0 = Debug|Any CPU
		{80D50498-EE17-43F3-BC40-956E6F4D019F}.Release|Any CPU.ActiveCfg = Release|Any CPU
		{80D50498-EE17-43F3-BC40-956E6F4D019F}.Release|Any CPU.Build.0 = Release|Any CPU
	EndGlobalSection
	GlobalSection(SolutionProperties) = preSolution
		HideSolutionNode = FALSE
	EndGlobalSection
EndGlobal
